
Microsoft Visual Studio Solution File, Format Version 12.00
# Visual Studio Version 17
VisualStudioVersion = 17.7.34031.279
MinimumVisualStudioVersion = 10.0.40219.1
Project("{FAE04EC0-301F-11D3-BF4B-00C04F79EFBC}") = "Bookstore Inventory Management", "Bookstore Inventory Management\Bookstore Inventory Management.csproj", "{62A16CAD-33A8-4B1F-9428-C99515BE0CFF}"
EndProject
Global
	GlobalSection(SolutionConfigurationPlatforms) = preSolution
		Debug|Any CPU = Debug|Any CPU
		Release|Any CPU = Release|Any CPU
	EndGlobalSection
	GlobalSection(ProjectConfigurationPlatforms) = postSolution
		{62A16CAD-33A8-4B1F-9428-C99515BE0CFF}.Debug|Any CPU.ActiveCfg = Debug|Any CPU
		{62A16CAD-33A8-4B1F-9428-C99515BE0CFF}.Debug|Any CPU.Build.0 = Debug|Any CPU
		{62A16CAD-33A8-4B1F-9428-C99515BE0CFF}.Release|Any CPU.ActiveCfg = Release|Any CPU
		{62A16CAD-33A8-4B1F-9428-C99515BE0CFF}.Release|Any CPU.Build.0 = Release|Any CPU
	EndGlobalSection
	GlobalSection(SolutionProperties) = preSolution
		HideSolutionNode = FALSE
	EndGlobalSection
	GlobalSection(ExtensibilityGlobals) = postSolution
		SolutionGuid = {C22B6CF9-ED80-4E5C-862C-4D825FD7B04D}
	EndGlobalSection
EndGlobal
